
Microsoft Visual Studio Solution File, Format Version 12.00
# Visual Studio Version 17
VisualStudioVersion = 17.10.34928.147
MinimumVisualStudioVersion = 10.0.40219.1
Project("{9A19103F-16F7-4668-BE54-9A1E7A4F7556}") = "Example", "Example.csproj", "{C573AD24-5EAD-4556-A8C4-006FC4DC5123}"
EndProject
Global
	GlobalSection(SolutionConfigurationPlatforms) = preSolution
		Debug|Any CPU = Debug|Any CPU
		Release|Any CPU = Release|Any CPU
	EndGlobalSection
	GlobalSection(ProjectConfigurationPlatforms) = postSolution
		{C573AD24-5EAD-4556-A8C4-006FC4DC5123}.Debug|Any CPU.ActiveCfg = Debug|Any CPU
		{C573AD24-5EAD-4556-A8C4-006FC4DC5123}.Debug|Any CPU.Build.0 = Debug|Any CPU
		{C573AD24-5EAD-4556-A8C4-006FC4DC5123}.Release|Any CPU.ActiveCfg = Release|Any CPU
		{C573AD24-5EAD-4556-A8C4-006FC4DC5123}.Release|Any CPU.Build.0 = Release|Any CPU
	EndGlobalSection
	GlobalSection(SolutionProperties) = preSolution
		HideSolutionNode = FALSE
	EndGlobalSection
	GlobalSection(ExtensibilityGlobals) = postSolution
		SolutionGuid = {D93DB127-D241-473D-AECE-90CAF1A08348}
	EndGlobalSection
EndGlobal
